// !$*UTF8*$!
{
	archiveVersion = 1;
	classes = {
	};
	objectVersion = 46;
	objects = {

/* Begin PBXBuildFile section */
		96EBB0591B1E363300D4B281 /* main.m in Sources */ = {isa = PBXBuildFile; fileRef = 96EBB0581B1E363300D4B281 /* main.m */; };
		96EBB05C1B1E363300D4B281 /* AppDelegate.m in Sources */ = {isa = PBXBuildFile; fileRef = 96EBB05B1B1E363300D4B281 /* AppDelegate.m */; };
		96EBB05F1B1E363300D4B281 /* PhotoMap.xcdatamodeld in Sources */ = {isa = PBXBuildFile; fileRef = 96EBB05D1B1E363300D4B281 /* PhotoMap.xcdatamodeld */; };
		96EBB0621B1E363300D4B281 /* TripTableViewController.m in Sources */ = {isa = PBXBuildFile; fileRef = 96EBB0611B1E363300D4B281 /* TripTableViewController.m */; };
		96EBB0651B1E363300D4B281 /* Main.storyboard in Resources */ = {isa = PBXBuildFile; fileRef = 96EBB0631B1E363300D4B281 /* Main.storyboard */; };
		96EBB0671B1E363300D4B281 /* Images.xcassets in Resources */ = {isa = PBXBuildFile; fileRef = 96EBB0661B1E363300D4B281 /* Images.xcassets */; };
		96EBB06A1B1E363300D4B281 /* LaunchScreen.xib in Resources */ = {isa = PBXBuildFile; fileRef = 96EBB0681B1E363300D4B281 /* LaunchScreen.xib */; };
		96EBB0761B1E363300D4B281 /* PhotoMapTests.m in Sources */ = {isa = PBXBuildFile; fileRef = 96EBB0751B1E363300D4B281 /* PhotoMapTests.m */; };
		96EBB0811B1E366300D4B281 /* CoreDataStack.m in Sources */ = {isa = PBXBuildFile; fileRef = 96EBB0801B1E366300D4B281 /* CoreDataStack.m */; };
		96EBB0871B1E3CA000D4B281 /* Trip.m in Sources */ = {isa = PBXBuildFile; fileRef = 96EBB0861B1E3CA000D4B281 /* Trip.m */; };
		96EBB08A1B1E416000D4B281 /* NewTripViewController.m in Sources */ = {isa = PBXBuildFile; fileRef = 96EBB0891B1E416000D4B281 /* NewTripViewController.m */; };
/* End PBXBuildFile section */

/* Begin PBXContainerItemProxy section */
		96EBB0701B1E363300D4B281 /* PBXContainerItemProxy */ = {
			isa = PBXContainerItemProxy;
			containerPortal = 96EBB04B1B1E363300D4B281 /* Project object */;
			proxyType = 1;
			remoteGlobalIDString = 96EBB0521B1E363300D4B281;
			remoteInfo = PhotoMap;
		};
/* End PBXContainerItemProxy section */

/* Begin PBXFileReference section */
		96EBB0531B1E363300D4B281 /* PhotoTrip.temp_caseinsensitive_rename.app */ = {isa = PBXFileReference; explicitFileType = wrapper.application; includeInIndex = 0; path = PhotoTrip.temp_caseinsensitive_rename.app; sourceTree = BUILT_PRODUCTS_DIR; };
		96EBB0571B1E363300D4B281 /* Info.plist */ = {isa = PBXFileReference; lastKnownFileType = text.plist.xml; path = Info.plist; sourceTree = "<group>"; };
		96EBB0581B1E363300D4B281 /* main.m */ = {isa = PBXFileReference; lastKnownFileType = sourcecode.c.objc; path = main.m; sourceTree = "<group>"; };
		96EBB05A1B1E363300D4B281 /* AppDelegate.h */ = {isa = PBXFileReference; lastKnownFileType = sourcecode.c.h; path = AppDelegate.h; sourceTree = "<group>"; };
		96EBB05B1B1E363300D4B281 /* AppDelegate.m */ = {isa = PBXFileReference; lastKnownFileType = sourcecode.c.objc; path = AppDelegate.m; sourceTree = "<group>"; };
		96EBB05E1B1E363300D4B281 /* PhotoMap.xcdatamodel */ = {isa = PBXFileReference; lastKnownFileType = wrapper.xcdatamodel; path = PhotoMap.xcdatamodel; sourceTree = "<group>"; };
		96EBB0601B1E363300D4B281 /* TripTableViewController.h */ = {isa = PBXFileReference; lastKnownFileType = sourcecode.c.h; path = TripTableViewController.h; sourceTree = "<group>"; };
		96EBB0611B1E363300D4B281 /* TripTableViewController.m */ = {isa = PBXFileReference; lastKnownFileType = sourcecode.c.objc; path = TripTableViewController.m; sourceTree = "<group>"; };
		96EBB0641B1E363300D4B281 /* Base */ = {isa = PBXFileReference; lastKnownFileType = file.storyboard; name = Base; path = Base.lproj/Main.storyboard; sourceTree = "<group>"; };
		96EBB0661B1E363300D4B281 /* Images.xcassets */ = {isa = PBXFileReference; lastKnownFileType = folder.assetcatalog; path = Images.xcassets; sourceTree = "<group>"; };
		96EBB0691B1E363300D4B281 /* Base */ = {isa = PBXFileReference; lastKnownFileType = file.xib; name = Base; path = Base.lproj/LaunchScreen.xib; sourceTree = "<group>"; };
		96EBB06F1B1E363300D4B281 /* PhotoTrip.temp_caseinsensitive_renameTests.xctest */ = {isa = PBXFileReference; explicitFileType = wrapper.cfbundle; includeInIndex = 0; path = PhotoTrip.temp_caseinsensitive_renameTests.xctest; sourceTree = BUILT_PRODUCTS_DIR; };
		96EBB0741B1E363300D4B281 /* Info.plist */ = {isa = PBXFileReference; lastKnownFileType = text.plist.xml; path = Info.plist; sourceTree = "<group>"; };
		96EBB0751B1E363300D4B281 /* PhotoMapTests.m */ = {isa = PBXFileReference; lastKnownFileType = sourcecode.c.objc; path = PhotoMapTests.m; sourceTree = "<group>"; };
		96EBB07F1B1E366300D4B281 /* CoreDataStack.h */ = {isa = PBXFileReference; fileEncoding = 4; lastKnownFileType = sourcecode.c.h; path = CoreDataStack.h; sourceTree = "<group>"; };
		96EBB0801B1E366300D4B281 /* CoreDataStack.m */ = {isa = PBXFileReference; fileEncoding = 4; lastKnownFileType = sourcecode.c.objc; path = CoreDataStack.m; sourceTree = "<group>"; };
		96EBB0851B1E3CA000D4B281 /* Trip.h */ = {isa = PBXFileReference; fileEncoding = 4; lastKnownFileType = sourcecode.c.h; path = Trip.h; sourceTree = "<group>"; };
		96EBB0861B1E3CA000D4B281 /* Trip.m */ = {isa = PBXFileReference; fileEncoding = 4; lastKnownFileType = sourcecode.c.objc; path = Trip.m; sourceTree = "<group>"; };
		96EBB0881B1E416000D4B281 /* NewTripViewController.h */ = {isa = PBXFileReference; fileEncoding = 4; lastKnownFileType = sourcecode.c.h; path = NewTripViewController.h; sourceTree = "<group>"; };
		96EBB0891B1E416000D4B281 /* NewTripViewController.m */ = {isa = PBXFileReference; fileEncoding = 4; lastKnownFileType = sourcecode.c.objc; path = NewTripViewController.m; sourceTree = "<group>"; };
/* End PBXFileReference section */

/* Begin PBXFrameworksBuildPhase section */
		96EBB0501B1E363300D4B281 /* Frameworks */ = {
			isa = PBXFrameworksBuildPhase;
			buildActionMask = 2147483647;
			files = (
			);
			runOnlyForDeploymentPostprocessing = 0;
		};
		96EBB06C1B1E363300D4B281 /* Frameworks */ = {
			isa = PBXFrameworksBuildPhase;
			buildActionMask = 2147483647;
			files = (
			);
			runOnlyForDeploymentPostprocessing = 0;
		};
/* End PBXFrameworksBuildPhase section */

/* Begin PBXGroup section */
		96EBB04A1B1E363300D4B281 = {
			isa = PBXGroup;
			children = (
				96EBB0551B1E363300D4B281 /* PhotoMap */,
				96EBB0721B1E363300D4B281 /* PhotoMapTests */,
				96EBB0541B1E363300D4B281 /* Products */,
			);
			sourceTree = "<group>";
		};
		96EBB0541B1E363300D4B281 /* Products */ = {
			isa = PBXGroup;
			children = (
				96EBB0531B1E363300D4B281 /* PhotoTrip.temp_caseinsensitive_rename.app */,
				96EBB06F1B1E363300D4B281 /* PhotoTrip.temp_caseinsensitive_renameTests.xctest */,
			);
			name = Products;
			sourceTree = "<group>";
		};
		96EBB0551B1E363300D4B281 /* PhotoMap */ = {
			isa = PBXGroup;
			children = (
				96EBB07F1B1E366300D4B281 /* CoreDataStack.h */,
				96EBB0801B1E366300D4B281 /* CoreDataStack.m */,
				96EBB05A1B1E363300D4B281 /* AppDelegate.h */,
				96EBB05B1B1E363300D4B281 /* AppDelegate.m */,
				96EBB0601B1E363300D4B281 /* TripTableViewController.h */,
				96EBB0611B1E363300D4B281 /* TripTableViewController.m */,
				96EBB0881B1E416000D4B281 /* NewTripViewController.h */,
				96EBB0891B1E416000D4B281 /* NewTripViewController.m */,
				96EBB0851B1E3CA000D4B281 /* Trip.h */,
				96EBB0861B1E3CA000D4B281 /* Trip.m */,
				96EBB0631B1E363300D4B281 /* Main.storyboard */,
				96EBB0661B1E363300D4B281 /* Images.xcassets */,
				96EBB0681B1E363300D4B281 /* LaunchScreen.xib */,
				96EBB05D1B1E363300D4B281 /* PhotoMap.xcdatamodeld */,
				96EBB0561B1E363300D4B281 /* Supporting Files */,
			);
			path = PhotoMap;
			sourceTree = "<group>";
		};
		96EBB0561B1E363300D4B281 /* Supporting Files */ = {
			isa = PBXGroup;
			children = (
				96EBB0571B1E363300D4B281 /* Info.plist */,
				96EBB0581B1E363300D4B281 /* main.m */,
			);
			name = "Supporting Files";
			sourceTree = "<group>";
		};
		96EBB0721B1E363300D4B281 /* PhotoMapTests */ = {
			isa = PBXGroup;
			children = (
				96EBB0751B1E363300D4B281 /* PhotoMapTests.m */,
				96EBB0731B1E363300D4B281 /* Supporting Files */,
			);
			path = PhotoMapTests;
			sourceTree = "<group>";
		};
		96EBB0731B1E363300D4B281 /* Supporting Files */ = {
			isa = PBXGroup;
			children = (
				96EBB0741B1E363300D4B281 /* Info.plist */,
			);
			name = "Supporting Files";
			sourceTree = "<group>";
		};
/* End PBXGroup section */

/* Begin PBXNativeTarget section */
		96EBB0521B1E363300D4B281 /* PhotoTrip */ = {
			isa = PBXNativeTarget;
			buildConfigurationList = 96EBB0791B1E363300D4B281 /* Build configuration list for PBXNativeTarget "PhotoTrip" */;
			buildPhases = (
				96EBB04F1B1E363300D4B281 /* Sources */,
				96EBB0501B1E363300D4B281 /* Frameworks */,
				96EBB0511B1E363300D4B281 /* Resources */,
			);
			buildRules = (
			);
			dependencies = (
			);
			name = PhotoTrip;
			productName = PhotoMap;
			productReference = 96EBB0531B1E363300D4B281 /* PhotoTrip.temp_caseinsensitive_rename.app */;
			productType = "com.apple.product-type.application";
		};
		96EBB06E1B1E363300D4B281 /* PhotoTrip.temp_caseinsensitive_renameTests */ = {
			isa = PBXNativeTarget;
			buildConfigurationList = 96EBB07C1B1E363300D4B281 /* Build configuration list for PBXNativeTarget "PhotoTrip.temp_caseinsensitive_renameTests" */;
			buildPhases = (
				96EBB06B1B1E363300D4B281 /* Sources */,
				96EBB06C1B1E363300D4B281 /* Frameworks */,
				96EBB06D1B1E363300D4B281 /* Resources */,
			);
			buildRules = (
			);
			dependencies = (
				96EBB0711B1E363300D4B281 /* PBXTargetDependency */,
			);
			name = PhotoTrip.temp_caseinsensitive_renameTests;
			productName = PhotoMapTests;
			productReference = 96EBB06F1B1E363300D4B281 /* PhotoTrip.temp_caseinsensitive_renameTests.xctest */;
			productType = "com.apple.product-type.bundle.unit-test";
		};
/* End PBXNativeTarget section */

/* Begin PBXProject section */
		96EBB04B1B1E363300D4B281 /* Project object */ = {
			isa = PBXProject;
			attributes = {
				LastUpgradeCheck = 0630;
				ORGANIZATIONNAME = vinny.co;
				TargetAttributes = {
					96EBB0521B1E363300D4B281 = {
						CreatedOnToolsVersion = 6.3.2;
					};
					96EBB06E1B1E363300D4B281 = {
						CreatedOnToolsVersion = 6.3.2;
						TestTargetID = 96EBB0521B1E363300D4B281;
					};
				};
			};
			buildConfigurationList = 96EBB04E1B1E363300D4B281 /* Build configuration list for PBXProject "PhotoTrip" */;
			compatibilityVersion = "Xcode 3.2";
			developmentRegion = English;
			hasScannedForEncodings = 0;
			knownRegions = (
				en,
				Base,
			);
			mainGroup = 96EBB04A1B1E363300D4B281;
			productRefGroup = 96EBB0541B1E363300D4B281 /* Products */;
			projectDirPath = "";
			projectRoot = "";
			targets = (
				96EBB0521B1E363300D4B281 /* PhotoTrip */,
				96EBB06E1B1E363300D4B281 /* PhotoTrip.temp_caseinsensitive_renameTests */,
			);
		};
/* End PBXProject section */

/* Begin PBXResourcesBuildPhase section */
		96EBB0511B1E363300D4B281 /* Resources */ = {
			isa = PBXResourcesBuildPhase;
			buildActionMask = 2147483647;
			files = (
				96EBB0651B1E363300D4B281 /* Main.storyboard in Resources */,
				96EBB06A1B1E363300D4B281 /* LaunchScreen.xib in Resources */,
				96EBB0671B1E363300D4B281 /* Images.xcassets in Resources */,
			);
			runOnlyForDeploymentPostprocessing = 0;
		};
		96EBB06D1B1E363300D4B281 /* Resources */ = {
			isa = PBXResourcesBuildPhase;
			buildActionMask = 2147483647;
			files = (
			);
			runOnlyForDeploymentPostprocessing = 0;
		};
/* End PBXResourcesBuildPhase section */

/* Begin PBXSourcesBuildPhase section */
		96EBB04F1B1E363300D4B281 /* Sources */ = {
			isa = PBXSourcesBuildPhase;
			buildActionMask = 2147483647;
			files = (
				96EBB0811B1E366300D4B281 /* CoreDataStack.m in Sources */,
				96EBB05F1B1E363300D4B281 /* PhotoMap.xcdatamodeld in Sources */,
				96EBB0871B1E3CA000D4B281 /* Trip.m in Sources */,
				96EBB05C1B1E363300D4B281 /* AppDelegate.m in Sources */,
				96EBB0621B1E363300D4B281 /* TripTableViewController.m in Sources */,
				96EBB0591B1E363300D4B281 /* main.m in Sources */,
				96EBB08A1B1E416000D4B281 /* NewTripViewController.m in Sources */,
			);
			runOnlyForDeploymentPostprocessing = 0;
		};
		96EBB06B1B1E363300D4B281 /* Sources */ = {
			isa = PBXSourcesBuildPhase;
			buildActionMask = 2147483647;
			files = (
				96EBB0761B1E363300D4B281 /* PhotoMapTests.m in Sources */,
			);
			runOnlyForDeploymentPostprocessing = 0;
		};
/* End PBXSourcesBuildPhase section */

/* Begin PBXTargetDependency section */
		96EBB0711B1E363300D4B281 /* PBXTargetDependency */ = {
			isa = PBXTargetDependency;
			target = 96EBB0521B1E363300D4B281 /* PhotoTrip */;
			targetProxy = 96EBB0701B1E363300D4B281 /* PBXContainerItemProxy */;
		};
/* End PBXTargetDependency section */

/* Begin PBXVariantGroup section */
		96EBB0631B1E363300D4B281 /* Main.storyboard */ = {
			isa = PBXVariantGroup;
			children = (
				96EBB0641B1E363300D4B281 /* Base */,
			);
			name = Main.storyboard;
			sourceTree = "<group>";
		};
		96EBB0681B1E363300D4B281 /* LaunchScreen.xib */ = {
			isa = PBXVariantGroup;
			children = (
				96EBB0691B1E363300D4B281 /* Base */,
			);
			name = LaunchScreen.xib;
			sourceTree = "<group>";
		};
/* End PBXVariantGroup section */

/* Begin XCBuildConfiguration section */
		96EBB0771B1E363300D4B281 /* Debug */ = {
			isa = XCBuildConfiguration;
			buildSettings = {
				ALWAYS_SEARCH_USER_PATHS = NO;
				CLANG_CXX_LANGUAGE_STANDARD = "gnu++0x";
				CLANG_CXX_LIBRARY = "libc++";
				CLANG_ENABLE_MODULES = YES;
				CLANG_ENABLE_OBJC_ARC = YES;
				CLANG_WARN_BOOL_CONVERSION = YES;
				CLANG_WARN_CONSTANT_CONVERSION = YES;
				CLANG_WARN_DIRECT_OBJC_ISA_USAGE = YES_ERROR;
				CLANG_WARN_EMPTY_BODY = YES;
				CLANG_WARN_ENUM_CONVERSION = YES;
				CLANG_WARN_INT_CONVERSION = YES;
				CLANG_WARN_OBJC_ROOT_CLASS = YES_ERROR;
				CLANG_WARN_UNREACHABLE_CODE = YES;
				CLANG_WARN__DUPLICATE_METHOD_MATCH = YES;
				"CODE_SIGN_IDENTITY[sdk=iphoneos*]" = "iPhone Developer";
				COPY_PHASE_STRIP = NO;
				DEBUG_INFORMATION_FORMAT = "dwarf-with-dsym";
				ENABLE_STRICT_OBJC_MSGSEND = YES;
				GCC_C_LANGUAGE_STANDARD = gnu99;
				GCC_DYNAMIC_NO_PIC = NO;
				GCC_NO_COMMON_BLOCKS = YES;
				GCC_OPTIMIZATION_LEVEL = 0;
				GCC_PREPROCESSOR_DEFINITIONS = (
					"DEBUG=1",
					"$(inherited)",
				);
				GCC_SYMBOLS_PRIVATE_EXTERN = NO;
				GCC_WARN_64_TO_32_BIT_CONVERSION = YES;
				GCC_WARN_ABOUT_RETURN_TYPE = YES_ERROR;
				GCC_WARN_UNDECLARED_SELECTOR = YES;
				GCC_WARN_UNINITIALIZED_AUTOS = YES_AGGRESSIVE;
				GCC_WARN_UNUSED_FUNCTION = YES;
				GCC_WARN_UNUSED_VARIABLE = YES;
				IPHONEOS_DEPLOYMENT_TARGET = 8.3;
				MTL_ENABLE_DEBUG_INFO = YES;
				ONLY_ACTIVE_ARCH = YES;
				SDKROOT = iphoneos;
			};
			name = Debug;
		};
		96EBB0781B1E363300D4B281 /* Release */ = {
			isa = XCBuildConfiguration;
			buildSettings = {
				ALWAYS_SEARCH_USER_PATHS = NO;
				CLANG_CXX_LANGUAGE_STANDARD = "gnu++0x";
				CLANG_CXX_LIBRARY = "libc++";
				CLANG_ENABLE_MODULES = YES;
				CLANG_ENABLE_OBJC_ARC = YES;
				CLANG_WARN_BOOL_CONVERSION = YES;
				CLANG_WARN_CONSTANT_CONVERSION = YES;
				CLANG_WARN_DIRECT_OBJC_ISA_USAGE = YES_ERROR;
				CLANG_WARN_EMPTY_BODY = YES;
				CLANG_WARN_ENUM_CONVERSION = YES;
				CLANG_WARN_INT_CONVERSION = YES;
				CLANG_WARN_OBJC_ROOT_CLASS = YES_ERROR;
				CLANG_WARN_UNREACHABLE_CODE = YES;
				CLANG_WARN__DUPLICATE_METHOD_MATCH = YES;
				"CODE_SIGN_IDENTITY[sdk=iphoneos*]" = "iPhone Developer";
				COPY_PHASE_STRIP = NO;
				DEBUG_INFORMATION_FORMAT = "dwarf-with-dsym";
				ENABLE_NS_ASSERTIONS = NO;
				ENABLE_STRICT_OBJC_MSGSEND = YES;
				GCC_C_LANGUAGE_STANDARD = gnu99;
				GCC_NO_COMMON_BLOCKS = YES;
				GCC_WARN_64_TO_32_BIT_CONVERSION = YES;
				GCC_WARN_ABOUT_RETURN_TYPE = YES_ERROR;
				GCC_WARN_UNDECLARED_SELECTOR = YES;
				GCC_WARN_UNINITIALIZED_AUTOS = YES_AGGRESSIVE;
				GCC_WARN_UNUSED_FUNCTION = YES;
				GCC_WARN_UNUSED_VARIABLE = YES;
				IPHONEOS_DEPLOYMENT_TARGET = 8.3;
				MTL_ENABLE_DEBUG_INFO = NO;
				SDKROOT = iphoneos;
				VALIDATE_PRODUCT = YES;
			};
			name = Release;
		};
		96EBB07A1B1E363300D4B281 /* Debug */ = {
			isa = XCBuildConfiguration;
			buildSettings = {
				ASSETCATALOG_COMPILER_APPICON_NAME = AppIcon;
				INFOPLIST_FILE = PhotoMap/Info.plist;
				LD_RUNPATH_SEARCH_PATHS = "$(inherited) @executable_path/Frameworks";
				PRODUCT_NAME = PhotoTrip.temp_caseinsensitive_rename;
			};
			name = Debug;
		};
		96EBB07B1B1E363300D4B281 /* Release */ = {
			isa = XCBuildConfiguration;
			buildSettings = {
				ASSETCATALOG_COMPILER_APPICON_NAME = AppIcon;
				INFOPLIST_FILE = PhotoMap/Info.plist;
				LD_RUNPATH_SEARCH_PATHS = "$(inherited) @executable_path/Frameworks";
				PRODUCT_NAME = PhotoTrip.temp_caseinsensitive_rename;
			};
			name = Release;
		};
		96EBB07D1B1E363300D4B281 /* Debug */ = {
			isa = XCBuildConfiguration;
			buildSettings = {
				BUNDLE_LOADER = "$(TEST_HOST)";
				FRAMEWORK_SEARCH_PATHS = (
					"$(SDKROOT)/Developer/Library/Frameworks",
					"$(inherited)",
				);
				GCC_PREPROCESSOR_DEFINITIONS = (
					"DEBUG=1",
					"$(inherited)",
				);
				INFOPLIST_FILE = PhotoMapTests/Info.plist;
				LD_RUNPATH_SEARCH_PATHS = "$(inherited) @executable_path/Frameworks @loader_path/Frameworks";
				PRODUCT_NAME = PhotoTrip.temp_caseinsensitive_renameTests;
				TEST_HOST = "$(BUILT_PRODUCTS_DIR)/PhotoMap.app/PhotoMap";
			};
			name = Debug;
		};
		96EBB07E1B1E363300D4B281 /* Release */ = {
			isa = XCBuildConfiguration;
			buildSettings = {
				BUNDLE_LOADER = "$(TEST_HOST)";
				FRAMEWORK_SEARCH_PATHS = (
					"$(SDKROOT)/Developer/Library/Frameworks",
					"$(inherited)",
				);
				INFOPLIST_FILE = PhotoMapTests/Info.plist;
				LD_RUNPATH_SEARCH_PATHS = "$(inherited) @executable_path/Frameworks @loader_path/Frameworks";
				PRODUCT_NAME = PhotoTrip.temp_caseinsensitive_renameTests;
				TEST_HOST = "$(BUILT_PRODUCTS_DIR)/PhotoMap.app/PhotoMap";
			};
			name = Release;
		};
/* End XCBuildConfiguration section */

/* Begin XCConfigurationList section */
		96EBB04E1B1E363300D4B281 /* Build configuration list for PBXProject "PhotoTrip" */ = {
			isa = XCConfigurationList;
			buildConfigurations = (
				96EBB0771B1E363300D4B281 /* Debug */,
				96EBB0781B1E363300D4B281 /* Release */,
			);
			defaultConfigurationIsVisible = 0;
			defaultConfigurationName = Release;
		};
		96EBB0791B1E363300D4B281 /* Build configuration list for PBXNativeTarget "PhotoTrip" */ = {
			isa = XCConfigurationList;
			buildConfigurations = (
				96EBB07A1B1E363300D4B281 /* Debug */,
				96EBB07B1B1E363300D4B281 /* Release */,
			);
			defaultConfigurationIsVisible = 0;
		};
		96EBB07C1B1E363300D4B281 /* Build configuration list for PBXNativeTarget "PhotoTrip.temp_caseinsensitive_renameTests" */ = {
			isa = XCConfigurationList;
			buildConfigurations = (
				96EBB07D1B1E363300D4B281 /* Debug */,
				96EBB07E1B1E363300D4B281 /* Release */,
			);
			defaultConfigurationIsVisible = 0;
		};
/* End XCConfigurationList section */

/* Begin XCVersionGroup section */
		96EBB05D1B1E363300D4B281 /* PhotoMap.xcdatamodeld */ = {
			isa = XCVersionGroup;
			children = (
				96EBB05E1B1E363300D4B281 /* PhotoMap.xcdatamodel */,
			);
			currentVersion = 96EBB05E1B1E363300D4B281 /* PhotoMap.xcdatamodel */;
			path = PhotoMap.xcdatamodeld;
			sourceTree = "<group>";
			versionGroupType = wrapper.xcdatamodel;
		};
/* End XCVersionGroup section */
	};
	rootObject = 96EBB04B1B1E363300D4B281 /* Project object */;
}
